
Microsoft Visual Studio Solution File, Format Version 12.00
# Visual Studio 15
VisualStudioVersion = 15.0.26124.0
MinimumVisualStudioVersion = 15.0.26124.0
Project("{2150E333-8FDC-42A3-9474-1A3956D46DE8}") = "src", "src", "{52093CF1-C3BB-46A0-9702-6042C68E8C3C}"
EndProject
Project("{FAE04EC0-301F-11D3-BF4B-00C04F79EFBC}") = "Cli", "src\Cli\Cli.csproj", "{D556917F-54FF-4D31-9874-F411168610CD}"
EndProject
Global
	GlobalSection(SolutionConfigurationPlatforms) = preSolution
		Debug|Any CPU = Debug|Any CPU
		Debug|x64 = Debug|x64
		Debug|x86 = Debug|x86
		Release|Any CPU = Release|Any CPU
		Release|x64 = Release|x64
		Release|x86 = Release|x86
	EndGlobalSection
	GlobalSection(SolutionProperties) = preSolution
		HideSolutionNode = FALSE
	EndGlobalSection
	GlobalSection(ProjectConfigurationPlatforms) = postSolution
		{D556917F-54FF-4D31-9874-F411168610CD}.Debug|Any CPU.ActiveCfg = Debug|Any CPU
		{D556917F-54FF-4D31-9874-F411168610CD}.Debug|Any CPU.Build.0 = Debug|Any CPU
		{D556917F-54FF-4D31-9874-F411168610CD}.Debug|x64.ActiveCfg = Debug|Any CPU
		{D556917F-54FF-4D31-9874-F411168610CD}.Debug|x64.Build.0 = Debug|Any CPU
		{D556917F-54FF-4D31-9874-F411168610CD}.Debug|x86.ActiveCfg = Debug|Any CPU
		{D556917F-54FF-4D31-9874-F411168610CD}.Debug|x86.Build.0 = Debug|Any CPU
		{D556917F-54FF-4D31-9874-F411168610CD}.Release|Any CPU.ActiveCfg = Release|Any CPU
		{D556917F-54FF-4D31-9874-F411168610CD}.Release|Any CPU.Build.0 = Release|Any CPU
		{D556917F-54FF-4D31-9874-F411168610CD}.Release|x64.ActiveCfg = Release|Any CPU
		{D556917F-54FF-4D31-9874-F411168610CD}.Release|x64.Build.0 = Release|Any CPU
		{D556917F-54FF-4D31-9874-F411168610CD}.Release|x86.ActiveCfg = Release|Any CPU
		{D556917F-54FF-4D31-9874-F411168610CD}.Release|x86.Build.0 = Release|Any CPU
	EndGlobalSection
	GlobalSection(NestedProjects) = preSolution
		{D556917F-54FF-4D31-9874-F411168610CD} = {52093CF1-C3BB-46A0-9702-6042C68E8C3C}
	EndGlobalSection
EndGlobal
